// !$*UTF8*$!
{
	archiveVersion = 1;
	classes = {
	};
	objectVersion = 50;
	objects = {

/* Begin PBXBuildFile section */
		5F87856A2459F0F700CF37D1 /* main.cpp in Sources */ = {isa = PBXBuildFile; fileRef = 5F8785692459F0F700CF37D1 /* main.cpp */; };
/* End PBXBuildFile section */

/* Begin PBXCopyFilesBuildPhase section */
		5F8785642459F0F700CF37D1 /* CopyFiles */ = {
			isa = PBXCopyFilesBuildPhase;
			buildActionMask = 2147483647;
			dstPath = /usr/share/man/man1/;
			dstSubfolderSpec = 0;
			files = (
			);
			runOnlyForDeploymentPostprocessing = 1;
		};
/* End PBXCopyFilesBuildPhase section */

/* Begin PBXFileReference section */
		5F8785662459F0F700CF37D1 /* CXDynTyping */ = {isa = PBXFileReference; explicitFileType = "compiled.mach-o.executable"; includeInIndex = 0; path = CXDynTyping; sourceTree = BUILT_PRODUCTS_DIR; };
		5F8785692459F0F700CF37D1 /* main.cpp */ = {isa = PBXFileReference; lastKnownFileType = sourcecode.cpp.cpp; path = main.cpp; sourceTree = "<group>"; };
		5F8785732459F13700CF37D1 /* TypeSystem.h */ = {isa = PBXFileReference; lastKnownFileType = sourcecode.c.h; path = TypeSystem.h; sourceTree = "<group>"; };
		5F878575245AA1ED00CF37D1 /* Interface.h */ = {isa = PBXFileReference; lastKnownFileType = sourcecode.c.h; path = Interface.h; sourceTree = "<group>"; };
		5F878576245AA1FD00CF37D1 /* Interfaceable.h */ = {isa = PBXFileReference; lastKnownFileType = sourcecode.c.h; path = Interfaceable.h; sourceTree = "<group>"; };
		5F878577245AA2E600CF37D1 /* Value.h */ = {isa = PBXFileReference; lastKnownFileType = sourcecode.c.h; path = Value.h; sourceTree = "<group>"; };
/* End PBXFileReference section */

/* Begin PBXFrameworksBuildPhase section */
		5F8785632459F0F700CF37D1 /* Frameworks */ = {
			isa = PBXFrameworksBuildPhase;
			buildActionMask = 2147483647;
			files = (
			);
			runOnlyForDeploymentPostprocessing = 0;
		};
/* End PBXFrameworksBuildPhase section */

/* Begin PBXGroup section */
		5F87855D2459F0F700CF37D1 = {
			isa = PBXGroup;
			children = (
				5F8785682459F0F700CF37D1 /* CXDynTyping */,
			);
			sourceTree = "<group>";
		};
		5F8785672459F0F700CF37D1 /* Products */ = {
			isa = PBXGroup;
			children = (
				5F8785662459F0F700CF37D1 /* CXDynTyping */,
			);
			name = Products;
			path = ..;
			sourceTree = "<group>";
		};
		5F8785682459F0F700CF37D1 /* CXDynTyping */ = {
			isa = PBXGroup;
			children = (
				5F878578245AA48D00CF37D1 /* src */,
				5F8785672459F0F700CF37D1 /* Products */,
			);
			path = CXDynTyping;
			sourceTree = "<group>";
		};
		5F878574245AA1D500CF37D1 /* CXFramework */ = {
			isa = PBXGroup;
			children = (
				5F878575245AA1ED00CF37D1 /* Interface.h */,
				5F878576245AA1FD00CF37D1 /* Interfaceable.h */,
			);
			path = CXFramework;
			sourceTree = "<group>";
		};
		5F878578245AA48D00CF37D1 /* src */ = {
			isa = PBXGroup;
			children = (
				5F878574245AA1D500CF37D1 /* CXFramework */,
				5F8785732459F13700CF37D1 /* TypeSystem.h */,
				5F878577245AA2E600CF37D1 /* Value.h */,
				5F8785692459F0F700CF37D1 /* main.cpp */,
			);
			path = src;
			sourceTree = "<group>";
		};
/* End PBXGroup section */

/* Begin PBXNativeTarget section */
		5F8785652459F0F700CF37D1 /* CXDynTyping */ = {
			isa = PBXNativeTarget;
			buildConfigurationList = 5F87856D2459F0F700CF37D1 /* Build configuration list for PBXNativeTarget "CXDynTyping" */;
			buildPhases = (
				5F8785622459F0F700CF37D1 /* Sources */,
				5F8785632459F0F700CF37D1 /* Frameworks */,
				5F8785642459F0F700CF37D1 /* CopyFiles */,
			);
			buildRules = (
			);
			dependencies = (
			);
			name = CXDynTyping;
			productName = BetterReflection;
			productReference = 5F8785662459F0F700CF37D1 /* CXDynTyping */;
			productType = "com.apple.product-type.tool";
		};
/* End PBXNativeTarget section */

/* Begin PBXProject section */
		5F87855E2459F0F700CF37D1 /* Project object */ = {
			isa = PBXProject;
			attributes = {
				LastUpgradeCheck = 1010;
				ORGANIZATIONNAME = CXFramework;
				TargetAttributes = {
					5F8785652459F0F700CF37D1 = {
						CreatedOnToolsVersion = 10.1;
					};
				};
			};
			buildConfigurationList = 5F8785612459F0F700CF37D1 /* Build configuration list for PBXProject "CXDynTyping" */;
			compatibilityVersion = "Xcode 9.3";
			developmentRegion = en;
			hasScannedForEncodings = 0;
			knownRegions = (
				en,
			);
			mainGroup = 5F87855D2459F0F700CF37D1;
			productRefGroup = 5F8785672459F0F700CF37D1 /* Products */;
			projectDirPath = "";
			projectRoot = "";
			targets = (
				5F8785652459F0F700CF37D1 /* CXDynTyping */,
			);
		};
/* End PBXProject section */

/* Begin PBXSourcesBuildPhase section */
		5F8785622459F0F700CF37D1 /* Sources */ = {
			isa = PBXSourcesBuildPhase;
			buildActionMask = 2147483647;
			files = (
				5F87856A2459F0F700CF37D1 /* main.cpp in Sources */,
			);
			runOnlyForDeploymentPostprocessing = 0;
		};
/* End PBXSourcesBuildPhase section */

/* Begin XCBuildConfiguration section */
		5F87856B2459F0F700CF37D1 /* Debug */ = {
			isa = XCBuildConfiguration;
			buildSettings = {
				ALWAYS_SEARCH_USER_PATHS = NO;
				CLANG_ANALYZER_NONNULL = YES;
				CLANG_ANALYZER_NUMBER_OBJECT_CONVERSION = YES_AGGRESSIVE;
				CLANG_CXX_LANGUAGE_STANDARD = "gnu++14";
				CLANG_CXX_LIBRARY = "libc++";
				CLANG_ENABLE_MODULES = YES;
				CLANG_ENABLE_OBJC_ARC = YES;
				CLANG_ENABLE_OBJC_WEAK = YES;
				CLANG_WARN_BLOCK_CAPTURE_AUTORELEASING = YES;
				CLANG_WARN_BOOL_CONVERSION = YES;
				CLANG_WARN_COMMA = YES;
				CLANG_WARN_CONSTANT_CONVERSION = YES;
				CLANG_WARN_DEPRECATED_OBJC_IMPLEMENTATIONS = YES;
				CLANG_WARN_DIRECT_OBJC_ISA_USAGE = YES_ERROR;
				CLANG_WARN_DOCUMENTATION_COMMENTS = YES;
				CLANG_WARN_EMPTY_BODY = YES;
				CLANG_WARN_ENUM_CONVERSION = YES;
				CLANG_WARN_INFINITE_RECURSION = YES;
				CLANG_WARN_INT_CONVERSION = YES;
				CLANG_WARN_NON_LITERAL_NULL_CONVERSION = YES;
				CLANG_WARN_OBJC_IMPLICIT_RETAIN_SELF = YES;
				CLANG_WARN_OBJC_LITERAL_CONVERSION = YES;
				CLANG_WARN_OBJC_ROOT_CLASS = YES_ERROR;
				CLANG_WARN_RANGE_LOOP_ANALYSIS = YES;
				CLANG_WARN_STRICT_PROTOTYPES = YES;
				CLANG_WARN_SUSPICIOUS_MOVE = YES;
				CLANG_WARN_UNGUARDED_AVAILABILITY = YES_AGGRESSIVE;
				CLANG_WARN_UNREACHABLE_CODE = YES;
				CLANG_WARN__DUPLICATE_METHOD_MATCH = YES;
				CODE_SIGN_IDENTITY = "Mac Developer";
				COPY_PHASE_STRIP = NO;
				DEBUG_INFORMATION_FORMAT = dwarf;
				ENABLE_STRICT_OBJC_MSGSEND = YES;
				ENABLE_TESTABILITY = YES;
				GCC_C_LANGUAGE_STANDARD = gnu11;
				GCC_DYNAMIC_NO_PIC = NO;
				GCC_NO_COMMON_BLOCKS = YES;
				GCC_OPTIMIZATION_LEVEL = 0;
				GCC_PREPROCESSOR_DEFINITIONS = (
					"DEBUG=1",
					"$(inherited)",
				);
				GCC_WARN_64_TO_32_BIT_CONVERSION = YES;
				GCC_WARN_ABOUT_RETURN_TYPE = YES_ERROR;
				GCC_WARN_UNDECLARED_SELECTOR = YES;
				GCC_WARN_UNINITIALIZED_AUTOS = YES_AGGRESSIVE;
				GCC_WARN_UNUSED_FUNCTION = YES;
				GCC_WARN_UNUSED_VARIABLE = YES;
				MACOSX_DEPLOYMENT_TARGET = 10.13;
				MTL_ENABLE_DEBUG_INFO = INCLUDE_SOURCE;
				MTL_FAST_MATH = YES;
				ONLY_ACTIVE_ARCH = YES;
				SDKROOT = macosx;
			};
			name = Debug;
		};
		5F87856C2459F0F700CF37D1 /* Release */ = {
			isa = XCBuildConfiguration;
			buildSettings = {
				ALWAYS_SEARCH_USER_PATHS = NO;
				CLANG_ANALYZER_NONNULL = YES;
				CLANG_ANALYZER_NUMBER_OBJECT_CONVERSION = YES_AGGRESSIVE;
				CLANG_CXX_LANGUAGE_STANDARD = "gnu++14";
				CLANG_CXX_LIBRARY = "libc++";
				CLANG_ENABLE_MODULES = YES;
				CLANG_ENABLE_OBJC_ARC = YES;
				CLANG_ENABLE_OBJC_WEAK = YES;
				CLANG_WARN_BLOCK_CAPTURE_AUTORELEASING = YES;
				CLANG_WARN_BOOL_CONVERSION = YES;
				CLANG_WARN_COMMA = YES;
				CLANG_WARN_CONSTANT_CONVERSION = YES;
				CLANG_WARN_DEPRECATED_OBJC_IMPLEMENTATIONS = YES;
				CLANG_WARN_DIRECT_OBJC_ISA_USAGE = YES_ERROR;
				CLANG_WARN_DOCUMENTATION_COMMENTS = YES;
				CLANG_WARN_EMPTY_BODY = YES;
				CLANG_WARN_ENUM_CONVERSION = YES;
				CLANG_WARN_INFINITE_RECURSION = YES;
				CLANG_WARN_INT_CONVERSION = YES;
				CLANG_WARN_NON_LITERAL_NULL_CONVERSION = YES;
				CLANG_WARN_OBJC_IMPLICIT_RETAIN_SELF = YES;
				CLANG_WARN_OBJC_LITERAL_CONVERSION = YES;
				CLANG_WARN_OBJC_ROOT_CLASS = YES_ERROR;
				CLANG_WARN_RANGE_LOOP_ANALYSIS = YES;
				CLANG_WARN_STRICT_PROTOTYPES = YES;
				CLANG_WARN_SUSPICIOUS_MOVE = YES;
				CLANG_WARN_UNGUARDED_AVAILABILITY = YES_AGGRESSIVE;
				CLANG_WARN_UNREACHABLE_CODE = YES;
				CLANG_WARN__DUPLICATE_METHOD_MATCH = YES;
				CODE_SIGN_IDENTITY = "Mac Developer";
				COPY_PHASE_STRIP = NO;
				DEBUG_INFORMATION_FORMAT = "dwarf-with-dsym";
				ENABLE_NS_ASSERTIONS = NO;
				ENABLE_STRICT_OBJC_MSGSEND = YES;
				GCC_C_LANGUAGE_STANDARD = gnu11;
				GCC_NO_COMMON_BLOCKS = YES;
				GCC_WARN_64_TO_32_BIT_CONVERSION = YES;
				GCC_WARN_ABOUT_RETURN_TYPE = YES_ERROR;
				GCC_WARN_UNDECLARED_SELECTOR = YES;
				GCC_WARN_UNINITIALIZED_AUTOS = YES_AGGRESSIVE;
				GCC_WARN_UNUSED_FUNCTION = YES;
				GCC_WARN_UNUSED_VARIABLE = YES;
				MACOSX_DEPLOYMENT_TARGET = 10.13;
				MTL_ENABLE_DEBUG_INFO = NO;
				MTL_FAST_MATH = YES;
				SDKROOT = macosx;
			};
			name = Release;
		};
		5F87856E2459F0F700CF37D1 /* Debug */ = {
			isa = XCBuildConfiguration;
			buildSettings = {
				CLANG_CXX_LANGUAGE_STANDARD = "c++17";
				CODE_SIGN_STYLE = Automatic;
				DEVELOPMENT_TEAM = 3J2JYTDMYQ;
				PRODUCT_NAME = "$(TARGET_NAME)";
			};
			name = Debug;
		};
		5F87856F2459F0F700CF37D1 /* Release */ = {
			isa = XCBuildConfiguration;
			buildSettings = {
				CLANG_CXX_LANGUAGE_STANDARD = "c++17";
				CODE_SIGN_STYLE = Automatic;
				DEVELOPMENT_TEAM = 3J2JYTDMYQ;
				PRODUCT_NAME = "$(TARGET_NAME)";
			};
			name = Release;
		};
/* End XCBuildConfiguration section */

/* Begin XCConfigurationList section */
		5F8785612459F0F700CF37D1 /* Build configuration list for PBXProject "CXDynTyping" */ = {
			isa = XCConfigurationList;
			buildConfigurations = (
				5F87856B2459F0F700CF37D1 /* Debug */,
				5F87856C2459F0F700CF37D1 /* Release */,
			);
			defaultConfigurationIsVisible = 0;
			defaultConfigurationName = Release;
		};
		5F87856D2459F0F700CF37D1 /* Build configuration list for PBXNativeTarget "CXDynTyping" */ = {
			isa = XCConfigurationList;
			buildConfigurations = (
				5F87856E2459F0F700CF37D1 /* Debug */,
				5F87856F2459F0F700CF37D1 /* Release */,
			);
			defaultConfigurationIsVisible = 0;
			defaultConfigurationName = Release;
		};
/* End XCConfigurationList section */
	};
	rootObject = 5F87855E2459F0F700CF37D1 /* Project object */;
}
